// !$*UTF8*$!
{
	archiveVersion = 1;
	classes = {
	};
	objectVersion = 56;
	objects = {

/* Begin PBXBuildFile section */
		C7D3F12C2ADAC765004C0928 /* SearchingListTableViewController.swift in Sources */ = {isa = PBXBuildFile; fileRef = C7D3F12B2ADAC765004C0928 /* SearchingListTableViewController.swift */; };
		C7D3F12E2ADAC77D004C0928 /* SearchingList.storyboard in Resources */ = {isa = PBXBuildFile; fileRef = C7D3F12D2ADAC77D004C0928 /* SearchingList.storyboard */; };
		C7D3F1312ADAC842004C0928 /* DetailedViewController.swift in Sources */ = {isa = PBXBuildFile; fileRef = C7D3F1302ADAC842004C0928 /* DetailedViewController.swift */; };
		C7D3F1332ADAC851004C0928 /* Detailed.storyboard in Resources */ = {isa = PBXBuildFile; fileRef = C7D3F1322ADAC851004C0928 /* Detailed.storyboard */; };
		C7D3F1362ADAC8AC004C0928 /* SourceFetcher.swift in Sources */ = {isa = PBXBuildFile; fileRef = C7D3F1352ADAC8AC004C0928 /* SourceFetcher.swift */; };
		C7D3F1382ADACC28004C0928 /* SearchingListTableViewCell.swift in Sources */ = {isa = PBXBuildFile; fileRef = C7D3F1372ADACC28004C0928 /* SearchingListTableViewCell.swift */; };
		C7D3F13A2ADAD1F5004C0928 /* DataModel.swift in Sources */ = {isa = PBXBuildFile; fileRef = C7D3F1392ADAD1F5004C0928 /* DataModel.swift */; };
		C7E550822ADA379E0006F883 /* AppDelegate.swift in Sources */ = {isa = PBXBuildFile; fileRef = C7E550812ADA379E0006F883 /* AppDelegate.swift */; };
		C7E550842ADA379E0006F883 /* SceneDelegate.swift in Sources */ = {isa = PBXBuildFile; fileRef = C7E550832ADA379E0006F883 /* SceneDelegate.swift */; };
		C7E5508B2ADA379F0006F883 /* Assets.xcassets in Resources */ = {isa = PBXBuildFile; fileRef = C7E5508A2ADA379F0006F883 /* Assets.xcassets */; };
		C7E5508E2ADA379F0006F883 /* LaunchScreen.storyboard in Resources */ = {isa = PBXBuildFile; fileRef = C7E5508C2ADA379F0006F883 /* LaunchScreen.storyboard */; };
/* End PBXBuildFile section */

/* Begin PBXFileReference section */
		C7D3F12B2ADAC765004C0928 /* SearchingListTableViewController.swift */ = {isa = PBXFileReference; lastKnownFileType = sourcecode.swift; path = SearchingListTableViewController.swift; sourceTree = "<group>"; };
		C7D3F12D2ADAC77D004C0928 /* SearchingList.storyboard */ = {isa = PBXFileReference; lastKnownFileType = file.storyboard; path = SearchingList.storyboard; sourceTree = "<group>"; };
		C7D3F1302ADAC842004C0928 /* DetailedViewController.swift */ = {isa = PBXFileReference; lastKnownFileType = sourcecode.swift; path = DetailedViewController.swift; sourceTree = "<group>"; };
		C7D3F1322ADAC851004C0928 /* Detailed.storyboard */ = {isa = PBXFileReference; lastKnownFileType = file.storyboard; path = Detailed.storyboard; sourceTree = "<group>"; };
		C7D3F1352ADAC8AC004C0928 /* SourceFetcher.swift */ = {isa = PBXFileReference; lastKnownFileType = sourcecode.swift; path = SourceFetcher.swift; sourceTree = "<group>"; };
		C7D3F1372ADACC28004C0928 /* SearchingListTableViewCell.swift */ = {isa = PBXFileReference; lastKnownFileType = sourcecode.swift; path = SearchingListTableViewCell.swift; sourceTree = "<group>"; };
		C7D3F1392ADAD1F5004C0928 /* DataModel.swift */ = {isa = PBXFileReference; lastKnownFileType = sourcecode.swift; path = DataModel.swift; sourceTree = "<group>"; };
		C7E5507E2ADA379E0006F883 /* GoonsGithubAPI.app */ = {isa = PBXFileReference; explicitFileType = wrapper.application; includeInIndex = 0; path = GoonsGithubAPI.app; sourceTree = BUILT_PRODUCTS_DIR; };
		C7E550812ADA379E0006F883 /* AppDelegate.swift */ = {isa = PBXFileReference; lastKnownFileType = sourcecode.swift; path = AppDelegate.swift; sourceTree = "<group>"; };
		C7E550832ADA379E0006F883 /* SceneDelegate.swift */ = {isa = PBXFileReference; lastKnownFileType = sourcecode.swift; path = SceneDelegate.swift; sourceTree = "<group>"; };
		C7E5508A2ADA379F0006F883 /* Assets.xcassets */ = {isa = PBXFileReference; lastKnownFileType = folder.assetcatalog; path = Assets.xcassets; sourceTree = "<group>"; };
		C7E5508D2ADA379F0006F883 /* Base */ = {isa = PBXFileReference; lastKnownFileType = file.storyboard; name = Base; path = Base.lproj/LaunchScreen.storyboard; sourceTree = "<group>"; };
		C7E5508F2ADA379F0006F883 /* Info.plist */ = {isa = PBXFileReference; lastKnownFileType = text.plist.xml; path = Info.plist; sourceTree = "<group>"; };
/* End PBXFileReference section */

/* Begin PBXFrameworksBuildPhase section */
		C7E5507B2ADA379E0006F883 /* Frameworks */ = {
			isa = PBXFrameworksBuildPhase;
			buildActionMask = 2147483647;
			files = (
			);
			runOnlyForDeploymentPostprocessing = 0;
		};
/* End PBXFrameworksBuildPhase section */

/* Begin PBXGroup section */
		C7D3F1292ADAC6B1004C0928 /* SupportingFiles */ = {
			isa = PBXGroup;
			children = (
				C7E550812ADA379E0006F883 /* AppDelegate.swift */,
				C7E550832ADA379E0006F883 /* SceneDelegate.swift */,
				C7E5508C2ADA379F0006F883 /* LaunchScreen.storyboard */,
				C7E5508A2ADA379F0006F883 /* Assets.xcassets */,
				C7E5508F2ADA379F0006F883 /* Info.plist */,
			);
			path = SupportingFiles;
			sourceTree = "<group>";
		};
		C7D3F12A2ADAC70E004C0928 /* SearchingList */ = {
			isa = PBXGroup;
			children = (
				C7D3F12B2ADAC765004C0928 /* SearchingListTableViewController.swift */,
				C7D3F12D2ADAC77D004C0928 /* SearchingList.storyboard */,
				C7D3F1372ADACC28004C0928 /* SearchingListTableViewCell.swift */,
			);
			path = SearchingList;
			sourceTree = "<group>";
		};
		C7D3F12F2ADAC7BB004C0928 /* DetailedPage */ = {
			isa = PBXGroup;
			children = (
				C7D3F1302ADAC842004C0928 /* DetailedViewController.swift */,
				C7D3F1322ADAC851004C0928 /* Detailed.storyboard */,
			);
			path = DetailedPage;
			sourceTree = "<group>";
		};
		C7D3F1342ADAC876004C0928 /* SourceFetcher */ = {
			isa = PBXGroup;
			children = (
				C7D3F1352ADAC8AC004C0928 /* SourceFetcher.swift */,
				C7D3F1392ADAD1F5004C0928 /* DataModel.swift */,
			);
			path = SourceFetcher;
			sourceTree = "<group>";
		};
		C7E550752ADA379E0006F883 = {
			isa = PBXGroup;
			children = (
				C7E550802ADA379E0006F883 /* GoonsGithubAPI */,
				C7E5507F2ADA379E0006F883 /* Products */,
			);
			sourceTree = "<group>";
		};
		C7E5507F2ADA379E0006F883 /* Products */ = {
			isa = PBXGroup;
			children = (
				C7E5507E2ADA379E0006F883 /* GoonsGithubAPI.app */,
			);
			name = Products;
			sourceTree = "<group>";
		};
		C7E550802ADA379E0006F883 /* GoonsGithubAPI */ = {
			isa = PBXGroup;
			children = (
				C7D3F1342ADAC876004C0928 /* SourceFetcher */,
				C7D3F12F2ADAC7BB004C0928 /* DetailedPage */,
				C7D3F12A2ADAC70E004C0928 /* SearchingList */,
				C7D3F1292ADAC6B1004C0928 /* SupportingFiles */,
			);
			path = GoonsGithubAPI;
			sourceTree = "<group>";
		};
/* End PBXGroup section */

/* Begin PBXNativeTarget section */
		C7E5507D2ADA379E0006F883 /* GoonsGithubAPI */ = {
			isa = PBXNativeTarget;
			buildConfigurationList = C7E550922ADA379F0006F883 /* Build configuration list for PBXNativeTarget "GoonsGithubAPI" */;
			buildPhases = (
				C7E5507A2ADA379E0006F883 /* Sources */,
				C7E5507B2ADA379E0006F883 /* Frameworks */,
				C7E5507C2ADA379E0006F883 /* Resources */,
			);
			buildRules = (
			);
			dependencies = (
			);
			name = GoonsGithubAPI;
			productName = GoonsGithubAPI;
			productReference = C7E5507E2ADA379E0006F883 /* GoonsGithubAPI.app */;
			productType = "com.apple.product-type.application";
		};
/* End PBXNativeTarget section */

/* Begin PBXProject section */
		C7E550762ADA379E0006F883 /* Project object */ = {
			isa = PBXProject;
			attributes = {
				BuildIndependentTargetsInParallel = 1;
				LastSwiftUpdateCheck = 1430;
				LastUpgradeCheck = 1430;
				TargetAttributes = {
					C7E5507D2ADA379E0006F883 = {
						CreatedOnToolsVersion = 14.3;
					};
				};
			};
			buildConfigurationList = C7E550792ADA379E0006F883 /* Build configuration list for PBXProject "GoonsGithubAPI" */;
			compatibilityVersion = "Xcode 14.0";
			developmentRegion = en;
			hasScannedForEncodings = 0;
			knownRegions = (
				en,
				Base,
			);
			mainGroup = C7E550752ADA379E0006F883;
			productRefGroup = C7E5507F2ADA379E0006F883 /* Products */;
			projectDirPath = "";
			projectRoot = "";
			targets = (
				C7E5507D2ADA379E0006F883 /* GoonsGithubAPI */,
			);
		};
/* End PBXProject section */

/* Begin PBXResourcesBuildPhase section */
		C7E5507C2ADA379E0006F883 /* Resources */ = {
			isa = PBXResourcesBuildPhase;
			buildActionMask = 2147483647;
			files = (
				C7E5508E2ADA379F0006F883 /* LaunchScreen.storyboard in Resources */,
				C7E5508B2ADA379F0006F883 /* Assets.xcassets in Resources */,
				C7D3F12E2ADAC77D004C0928 /* SearchingList.storyboard in Resources */,
				C7D3F1332ADAC851004C0928 /* Detailed.storyboard in Resources */,
			);
			runOnlyForDeploymentPostprocessing = 0;
		};
/* End PBXResourcesBuildPhase section */

/* Begin PBXSourcesBuildPhase section */
		C7E5507A2ADA379E0006F883 /* Sources */ = {
			isa = PBXSourcesBuildPhase;
			buildActionMask = 2147483647;
			files = (
				C7D3F13A2ADAD1F5004C0928 /* DataModel.swift in Sources */,
				C7D3F1382ADACC28004C0928 /* SearchingListTableViewCell.swift in Sources */,
				C7D3F12C2ADAC765004C0928 /* SearchingListTableViewController.swift in Sources */,
				C7D3F1362ADAC8AC004C0928 /* SourceFetcher.swift in Sources */,
				C7D3F1312ADAC842004C0928 /* DetailedViewController.swift in Sources */,
				C7E550822ADA379E0006F883 /* AppDelegate.swift in Sources */,
				C7E550842ADA379E0006F883 /* SceneDelegate.swift in Sources */,
			);
			runOnlyForDeploymentPostprocessing = 0;
		};
/* End PBXSourcesBuildPhase section */

/* Begin PBXVariantGroup section */
		C7E5508C2ADA379F0006F883 /* LaunchScreen.storyboard */ = {
			isa = PBXVariantGroup;
			children = (
				C7E5508D2ADA379F0006F883 /* Base */,
			);
			name = LaunchScreen.storyboard;
			sourceTree = "<group>";
		};
/* End PBXVariantGroup section */

/* Begin XCBuildConfiguration section */
		C7E550902ADA379F0006F883 /* Debug */ = {
			isa = XCBuildConfiguration;
			buildSettings = {
				ALWAYS_SEARCH_USER_PATHS = NO;
				CLANG_ANALYZER_NONNULL = YES;
				CLANG_ANALYZER_NUMBER_OBJECT_CONVERSION = YES_AGGRESSIVE;
				CLANG_CXX_LANGUAGE_STANDARD = "gnu++20";
				CLANG_ENABLE_MODULES = YES;
				CLANG_ENABLE_OBJC_ARC = YES;
				CLANG_ENABLE_OBJC_WEAK = YES;
				CLANG_WARN_BLOCK_CAPTURE_AUTORELEASING = YES;
				CLANG_WARN_BOOL_CONVERSION = YES;
				CLANG_WARN_COMMA = YES;
				CLANG_WARN_CONSTANT_CONVERSION = YES;
				CLANG_WARN_DEPRECATED_OBJC_IMPLEMENTATIONS = YES;
				CLANG_WARN_DIRECT_OBJC_ISA_USAGE = YES_ERROR;
				CLANG_WARN_DOCUMENTATION_COMMENTS = YES;
				CLANG_WARN_EMPTY_BODY = YES;
				CLANG_WARN_ENUM_CONVERSION = YES;
				CLANG_WARN_INFINITE_RECURSION = YES;
				CLANG_WARN_INT_CONVERSION = YES;
				CLANG_WARN_NON_LITERAL_NULL_CONVERSION = YES;
				CLANG_WARN_OBJC_IMPLICIT_RETAIN_SELF = YES;
				CLANG_WARN_OBJC_LITERAL_CONVERSION = YES;
				CLANG_WARN_OBJC_ROOT_CLASS = YES_ERROR;
				CLANG_WARN_QUOTED_INCLUDE_IN_FRAMEWORK_HEADER = YES;
				CLANG_WARN_RANGE_LOOP_ANALYSIS = YES;
				CLANG_WARN_STRICT_PROTOTYPES = YES;
				CLANG_WARN_SUSPICIOUS_MOVE = YES;
				CLANG_WARN_UNGUARDED_AVAILABILITY = YES_AGGRESSIVE;
				CLANG_WARN_UNREACHABLE_CODE = YES;
				CLANG_WARN__DUPLICATE_METHOD_MATCH = YES;
				COPY_PHASE_STRIP = NO;
				DEBUG_INFORMATION_FORMAT = dwarf;
				ENABLE_STRICT_OBJC_MSGSEND = YES;
				ENABLE_TESTABILITY = YES;
				GCC_C_LANGUAGE_STANDARD = gnu11;
				GCC_DYNAMIC_NO_PIC = NO;
				GCC_NO_COMMON_BLOCKS = YES;
				GCC_OPTIMIZATION_LEVEL = 0;
				GCC_PREPROCESSOR_DEFINITIONS = (
					"DEBUG=1",
					"$(inherited)",
				);
				GCC_WARN_64_TO_32_BIT_CONVERSION = YES;
				GCC_WARN_ABOUT_RETURN_TYPE = YES_ERROR;
				GCC_WARN_UNDECLARED_SELECTOR = YES;
				GCC_WARN_UNINITIALIZED_AUTOS = YES_AGGRESSIVE;
				GCC_WARN_UNUSED_FUNCTION = YES;
				GCC_WARN_UNUSED_VARIABLE = YES;
				IPHONEOS_DEPLOYMENT_TARGET = 13.0;
				MTL_ENABLE_DEBUG_INFO = INCLUDE_SOURCE;
				MTL_FAST_MATH = YES;
				ONLY_ACTIVE_ARCH = YES;
				SDKROOT = iphoneos;
				SWIFT_ACTIVE_COMPILATION_CONDITIONS = DEBUG;
				SWIFT_OPTIMIZATION_LEVEL = "-Onone";
			};
			name = Debug;
		};
		C7E550912ADA379F0006F883 /* Release */ = {
			isa = XCBuildConfiguration;
			buildSettings = {
				ALWAYS_SEARCH_USER_PATHS = NO;
				CLANG_ANALYZER_NONNULL = YES;
				CLANG_ANALYZER_NUMBER_OBJECT_CONVERSION = YES_AGGRESSIVE;
				CLANG_CXX_LANGUAGE_STANDARD = "gnu++20";
				CLANG_ENABLE_MODULES = YES;
				CLANG_ENABLE_OBJC_ARC = YES;
				CLANG_ENABLE_OBJC_WEAK = YES;
				CLANG_WARN_BLOCK_CAPTURE_AUTORELEASING = YES;
				CLANG_WARN_BOOL_CONVERSION = YES;
				CLANG_WARN_COMMA = YES;
				CLANG_WARN_CONSTANT_CONVERSION = YES;
				CLANG_WARN_DEPRECATED_OBJC_IMPLEMENTATIONS = YES;
				CLANG_WARN_DIRECT_OBJC_ISA_USAGE = YES_ERROR;
				CLANG_WARN_DOCUMENTATION_COMMENTS = YES;
				CLANG_WARN_EMPTY_BODY = YES;
				CLANG_WARN_ENUM_CONVERSION = YES;
				CLANG_WARN_INFINITE_RECURSION = YES;
				CLANG_WARN_INT_CONVERSION = YES;
				CLANG_WARN_NON_LITERAL_NULL_CONVERSION = YES;
				CLANG_WARN_OBJC_IMPLICIT_RETAIN_SELF = YES;
				CLANG_WARN_OBJC_LITERAL_CONVERSION = YES;
				CLANG_WARN_OBJC_ROOT_CLASS = YES_ERROR;
				CLANG_WARN_QUOTED_INCLUDE_IN_FRAMEWORK_HEADER = YES;
				CLANG_WARN_RANGE_LOOP_ANALYSIS = YES;
				CLANG_WARN_STRICT_PROTOTYPES = YES;
				CLANG_WARN_SUSPICIOUS_MOVE = YES;
				CLANG_WARN_UNGUARDED_AVAILABILITY = YES_AGGRESSIVE;
				CLANG_WARN_UNREACHABLE_CODE = YES;
				CLANG_WARN__DUPLICATE_METHOD_MATCH = YES;
				COPY_PHASE_STRIP = NO;
				DEBUG_INFORMATION_FORMAT = "dwarf-with-dsym";
				ENABLE_NS_ASSERTIONS = NO;
				ENABLE_STRICT_OBJC_MSGSEND = YES;
				GCC_C_LANGUAGE_STANDARD = gnu11;
				GCC_NO_COMMON_BLOCKS = YES;
				GCC_WARN_64_TO_32_BIT_CONVERSION = YES;
				GCC_WARN_ABOUT_RETURN_TYPE = YES_ERROR;
				GCC_WARN_UNDECLARED_SELECTOR = YES;
				GCC_WARN_UNINITIALIZED_AUTOS = YES_AGGRESSIVE;
				GCC_WARN_UNUSED_FUNCTION = YES;
				GCC_WARN_UNUSED_VARIABLE = YES;
				IPHONEOS_DEPLOYMENT_TARGET = 13.0;
				MTL_ENABLE_DEBUG_INFO = NO;
				MTL_FAST_MATH = YES;
				SDKROOT = iphoneos;
				SWIFT_COMPILATION_MODE = wholemodule;
				SWIFT_OPTIMIZATION_LEVEL = "-O";
				VALIDATE_PRODUCT = YES;
			};
			name = Release;
		};
		C7E550932ADA379F0006F883 /* Debug */ = {
			isa = XCBuildConfiguration;
			buildSettings = {
				ASSETCATALOG_COMPILER_APPICON_NAME = AppIcon;
				ASSETCATALOG_COMPILER_GLOBAL_ACCENT_COLOR_NAME = AccentColor;
				CODE_SIGN_STYLE = Automatic;
				CURRENT_PROJECT_VERSION = 1;
				DEVELOPMENT_TEAM = 4752TZW2QV;
				GENERATE_INFOPLIST_FILE = YES;
				INFOPLIST_FILE = GoonsGithubAPI/Info.plist;
				INFOPLIST_KEY_UIApplicationSupportsIndirectInputEvents = YES;
				INFOPLIST_KEY_UILaunchStoryboardName = LaunchScreen;
				INFOPLIST_KEY_UIMainStoryboardFile = SearchingList;
				INFOPLIST_KEY_UISupportedInterfaceOrientations_iPad = "UIInterfaceOrientationPortrait UIInterfaceOrientationPortraitUpsideDown UIInterfaceOrientationLandscapeLeft UIInterfaceOrientationLandscapeRight";
				INFOPLIST_KEY_UISupportedInterfaceOrientations_iPhone = "UIInterfaceOrientationPortrait UIInterfaceOrientationLandscapeLeft UIInterfaceOrientationLandscapeRight";
				IPHONEOS_DEPLOYMENT_TARGET = 13.0;
				LD_RUNPATH_SEARCH_PATHS = (
					"$(inherited)",
					"@executable_path/Frameworks",
				);
				MARKETING_VERSION = 1.0;
				PRODUCT_BUNDLE_IDENTIFIER = com.Stephen667.GoonsGithubAPI;
				PRODUCT_NAME = "$(TARGET_NAME)";
				SWIFT_EMIT_LOC_STRINGS = YES;
				SWIFT_VERSION = 5.0;
				TARGETED_DEVICE_FAMILY = "1,2";
			};
			name = Debug;
		};
		C7E550942ADA379F0006F883 /* Release */ = {
			isa = XCBuildConfiguration;
			buildSettings = {
				ASSETCATALOG_COMPILER_APPICON_NAME = AppIcon;
				ASSETCATALOG_COMPILER_GLOBAL_ACCENT_COLOR_NAME = AccentColor;
				CODE_SIGN_STYLE = Automatic;
				CURRENT_PROJECT_VERSION = 1;
				DEVELOPMENT_TEAM = 4752TZW2QV;
				GENERATE_INFOPLIST_FILE = YES;
				INFOPLIST_FILE = GoonsGithubAPI/Info.plist;
				INFOPLIST_KEY_UIApplicationSupportsIndirectInputEvents = YES;
				INFOPLIST_KEY_UILaunchStoryboardName = LaunchScreen;
				INFOPLIST_KEY_UIMainStoryboardFile = SearchingList;
				INFOPLIST_KEY_UISupportedInterfaceOrientations_iPad = "UIInterfaceOrientationPortrait UIInterfaceOrientationPortraitUpsideDown UIInterfaceOrientationLandscapeLeft UIInterfaceOrientationLandscapeRight";
				INFOPLIST_KEY_UISupportedInterfaceOrientations_iPhone = "UIInterfaceOrientationPortrait UIInterfaceOrientationLandscapeLeft UIInterfaceOrientationLandscapeRight";
				IPHONEOS_DEPLOYMENT_TARGET = 13.0;
				LD_RUNPATH_SEARCH_PATHS = (
					"$(inherited)",
					"@executable_path/Frameworks",
				);
				MARKETING_VERSION = 1.0;
				PRODUCT_BUNDLE_IDENTIFIER = com.Stephen667.GoonsGithubAPI;
				PRODUCT_NAME = "$(TARGET_NAME)";
				SWIFT_EMIT_LOC_STRINGS = YES;
				SWIFT_VERSION = 5.0;
				TARGETED_DEVICE_FAMILY = "1,2";
			};
			name = Release;
		};
/* End XCBuildConfiguration section */

/* Begin XCConfigurationList section */
		C7E550792ADA379E0006F883 /* Build configuration list for PBXProject "GoonsGithubAPI" */ = {
			isa = XCConfigurationList;
			buildConfigurations = (
				C7E550902ADA379F0006F883 /* Debug */,
				C7E550912ADA379F0006F883 /* Release */,
			);
			defaultConfigurationIsVisible = 0;
			defaultConfigurationName = Release;
		};
		C7E550922ADA379F0006F883 /* Build configuration list for PBXNativeTarget "GoonsGithubAPI" */ = {
			isa = XCConfigurationList;
			buildConfigurations = (
				C7E550932ADA379F0006F883 /* Debug */,
				C7E550942ADA379F0006F883 /* Release */,
			);
			defaultConfigurationIsVisible = 0;
			defaultConfigurationName = Release;
		};
/* End XCConfigurationList section */
	};
	rootObject = C7E550762ADA379E0006F883 /* Project object */;
}
